
Microsoft Visual Studio Solution File, Format Version 12.00
# Visual Studio Version 17
VisualStudioVersion = 17.8.34330.188
MinimumVisualStudioVersion = 10.0.40219.1
Project("{FAE04EC0-301F-11D3-BF4B-00C04F79EFBC}") = "VGLProfileTool", "VGLProfileTool\VGLProfileTool.csproj", "{51324090-6616-469D-B92B-53110B4FB065}"
EndProject
Global
	GlobalSection(SolutionConfigurationPlatforms) = preSolution
		Debug|Any CPU = Debug|Any CPU
		Debug|x64 = Debug|x64
		Release|Any CPU = Release|Any CPU
		Release|x64 = Release|x64
		Test|Any CPU = Test|Any CPU
		Test|x64 = Test|x64
	EndGlobalSection
	GlobalSection(ProjectConfigurationPlatforms) = postSolution
		{51324090-6616-469D-B92B-53110B4FB065}.Debug|Any CPU.ActiveCfg = Debug|Any CPU
		{51324090-6616-469D-B92B-53110B4FB065}.Debug|Any CPU.Build.0 = Debug|Any CPU
		{51324090-6616-469D-B92B-53110B4FB065}.Debug|x64.ActiveCfg = Debug|x64
		{51324090-6616-469D-B92B-53110B4FB065}.Debug|x64.Build.0 = Debug|x64
		{51324090-6616-469D-B92B-53110B4FB065}.Release|Any CPU.ActiveCfg = Release|Any CPU
		{51324090-6616-469D-B92B-53110B4FB065}.Release|Any CPU.Build.0 = Release|Any CPU
		{51324090-6616-469D-B92B-53110B4FB065}.Release|x64.ActiveCfg = Release|x64
		{51324090-6616-469D-B92B-53110B4FB065}.Release|x64.Build.0 = Release|x64
		{51324090-6616-469D-B92B-53110B4FB065}.Test|Any CPU.ActiveCfg = Test|Any CPU
		{51324090-6616-469D-B92B-53110B4FB065}.Test|Any CPU.Build.0 = Test|Any CPU
		{51324090-6616-469D-B92B-53110B4FB065}.Test|x64.ActiveCfg = Test|x64
		{51324090-6616-469D-B92B-53110B4FB065}.Test|x64.Build.0 = Test|x64
	EndGlobalSection
	GlobalSection(SolutionProperties) = preSolution
		HideSolutionNode = FALSE
	EndGlobalSection
	GlobalSection(ExtensibilityGlobals) = postSolution
		SolutionGuid = {B9382D7D-93D5-4767-BB59-F7D5B6A42440}
	EndGlobalSection
EndGlobal
